
Microsoft Visual Studio Solution File, Format Version 12.00
Project("{FAE04EC0-301F-11D3-BF4B-00C04F79EFBC}") = "Submarine", "Submarine\Submarine.csproj", "{E2D350AC-2DDD-4BC1-A462-0ECBA429DE2A}"
EndProject
Project("{FAE04EC0-301F-11D3-BF4B-00C04F79EFBC}") = "WindowSlide", "WindowSlide\WindowSlide.csproj", "{2A9F6CD3-1D87-43FF-BA3F-FC59D3A28F6B}"
EndProject
Project("{FAE04EC0-301F-11D3-BF4B-00C04F79EFBC}") = "PilotExercise", "PilotExercise\PilotExercise.csproj", "{9163752E-292B-4855-84B8-2095202A2731}"
EndProject
Project("{2150E333-8FDC-42A3-9474-1A3956D46DE8}") = "Day1", "Day1", "{98A8B5F4-DA90-4368-88F5-B6ADA5D58FC0}"
EndProject
Project("{2150E333-8FDC-42A3-9474-1A3956D46DE8}") = "Day2", "Day2", "{E65BBE8B-C3DF-489C-B716-62CB8851CFAD}"
EndProject
Project("{2150E333-8FDC-42A3-9474-1A3956D46DE8}") = "Day3", "Day3", "{057842FF-8604-42D6-937C-10C9DCC4A771}"
EndProject
Project("{FAE04EC0-301F-11D3-BF4B-00C04F79EFBC}") = "BinaryDiagnostic", "BinaryDiagnostic\BinaryDiagnostic.csproj", "{D1B08C9A-F438-4590-95B3-648E1FA8C35A}"
EndProject
Global
	GlobalSection(SolutionConfigurationPlatforms) = preSolution
		Debug|Any CPU = Debug|Any CPU
		Release|Any CPU = Release|Any CPU
	EndGlobalSection
	GlobalSection(ProjectConfigurationPlatforms) = postSolution
		{E2D350AC-2DDD-4BC1-A462-0ECBA429DE2A}.Debug|Any CPU.ActiveCfg = Debug|Any CPU
		{E2D350AC-2DDD-4BC1-A462-0ECBA429DE2A}.Debug|Any CPU.Build.0 = Debug|Any CPU
		{E2D350AC-2DDD-4BC1-A462-0ECBA429DE2A}.Release|Any CPU.ActiveCfg = Release|Any CPU
		{E2D350AC-2DDD-4BC1-A462-0ECBA429DE2A}.Release|Any CPU.Build.0 = Release|Any CPU
		{2A9F6CD3-1D87-43FF-BA3F-FC59D3A28F6B}.Debug|Any CPU.ActiveCfg = Debug|Any CPU
		{2A9F6CD3-1D87-43FF-BA3F-FC59D3A28F6B}.Debug|Any CPU.Build.0 = Debug|Any CPU
		{2A9F6CD3-1D87-43FF-BA3F-FC59D3A28F6B}.Release|Any CPU.ActiveCfg = Release|Any CPU
		{2A9F6CD3-1D87-43FF-BA3F-FC59D3A28F6B}.Release|Any CPU.Build.0 = Release|Any CPU
		{9163752E-292B-4855-84B8-2095202A2731}.Debug|Any CPU.ActiveCfg = Debug|Any CPU
		{9163752E-292B-4855-84B8-2095202A2731}.Debug|Any CPU.Build.0 = Debug|Any CPU
		{9163752E-292B-4855-84B8-2095202A2731}.Release|Any CPU.ActiveCfg = Release|Any CPU
		{9163752E-292B-4855-84B8-2095202A2731}.Release|Any CPU.Build.0 = Release|Any CPU
		{D1B08C9A-F438-4590-95B3-648E1FA8C35A}.Debug|Any CPU.ActiveCfg = Debug|Any CPU
		{D1B08C9A-F438-4590-95B3-648E1FA8C35A}.Debug|Any CPU.Build.0 = Debug|Any CPU
		{D1B08C9A-F438-4590-95B3-648E1FA8C35A}.Release|Any CPU.ActiveCfg = Release|Any CPU
		{D1B08C9A-F438-4590-95B3-648E1FA8C35A}.Release|Any CPU.Build.0 = Release|Any CPU
	EndGlobalSection
	GlobalSection(NestedProjects) = preSolution
		{E2D350AC-2DDD-4BC1-A462-0ECBA429DE2A} = {98A8B5F4-DA90-4368-88F5-B6ADA5D58FC0}
		{2A9F6CD3-1D87-43FF-BA3F-FC59D3A28F6B} = {98A8B5F4-DA90-4368-88F5-B6ADA5D58FC0}
		{9163752E-292B-4855-84B8-2095202A2731} = {E65BBE8B-C3DF-489C-B716-62CB8851CFAD}
		{D1B08C9A-F438-4590-95B3-648E1FA8C35A} = {057842FF-8604-42D6-937C-10C9DCC4A771}
	EndGlobalSection
EndGlobal
